
Microsoft Visual Studio Solution File, Format Version 12.00
# Visual Studio Version 17
VisualStudioVersion = 17.8.34309.116
MinimumVisualStudioVersion = 10.0.40219.1
Project("{FAE04EC0-301F-11D3-BF4B-00C04F79EFBC}") = "utilizando-heranca-subclasse", "utilizando-heranca-subclasse\utilizando-heranca-subclasse.csproj", "{281E10A8-0DAD-4207-89D9-A4245A459D78}"
EndProject
Global
	GlobalSection(SolutionConfigurationPlatforms) = preSolution
		Debug|Any CPU = Debug|Any CPU
		Release|Any CPU = Release|Any CPU
	EndGlobalSection
	GlobalSection(ProjectConfigurationPlatforms) = postSolution
		{281E10A8-0DAD-4207-89D9-A4245A459D78}.Debug|Any CPU.ActiveCfg = Debug|Any CPU
		{281E10A8-0DAD-4207-89D9-A4245A459D78}.Debug|Any CPU.Build.0 = Debug|Any CPU
		{281E10A8-0DAD-4207-89D9-A4245A459D78}.Release|Any CPU.ActiveCfg = Release|Any CPU
		{281E10A8-0DAD-4207-89D9-A4245A459D78}.Release|Any CPU.Build.0 = Release|Any CPU
	EndGlobalSection
	GlobalSection(SolutionProperties) = preSolution
		HideSolutionNode = FALSE
	EndGlobalSection
	GlobalSection(ExtensibilityGlobals) = postSolution
		SolutionGuid = {4A49B5B4-B0B1-4F9B-A76C-F195E01C791D}
	EndGlobalSection
EndGlobal
